
Microsoft Visual Studio Solution File, Format Version 12.00
# Visual Studio Version 17
VisualStudioVersion = 17.3.32825.248
MinimumVisualStudioVersion = 10.0.40219.1
Project("{8BC9CEB8-8B4A-11D0-8D11-00A0C91BC942}") = "Console_chat", "Console_chat\Console_chat.vcxproj", "{1CFB6FC4-A3EE-461C-92BA-A94D4D8EE99A}"
EndProject
Global
	GlobalSection(SolutionConfigurationPlatforms) = preSolution
		Debug|x64 = Debug|x64
		Debug|x86 = Debug|x86
		Release|x64 = Release|x64
		Release|x86 = Release|x86
	EndGlobalSection
	GlobalSection(ProjectConfigurationPlatforms) = postSolution
		{1CFB6FC4-A3EE-461C-92BA-A94D4D8EE99A}.Debug|x64.ActiveCfg = Debug|x64
		{1CFB6FC4-A3EE-461C-92BA-A94D4D8EE99A}.Debug|x64.Build.0 = Debug|x64
		{1CFB6FC4-A3EE-461C-92BA-A94D4D8EE99A}.Debug|x86.ActiveCfg = Debug|Win32
		{1CFB6FC4-A3EE-461C-92BA-A94D4D8EE99A}.Debug|x86.Build.0 = Debug|Win32
		{1CFB6FC4-A3EE-461C-92BA-A94D4D8EE99A}.Release|x64.ActiveCfg = Release|x64
		{1CFB6FC4-A3EE-461C-92BA-A94D4D8EE99A}.Release|x64.Build.0 = Release|x64
		{1CFB6FC4-A3EE-461C-92BA-A94D4D8EE99A}.Release|x86.ActiveCfg = Release|Win32
		{1CFB6FC4-A3EE-461C-92BA-A94D4D8EE99A}.Release|x86.Build.0 = Release|Win32
	EndGlobalSection
	GlobalSection(SolutionProperties) = preSolution
		HideSolutionNode = FALSE
	EndGlobalSection
	GlobalSection(ExtensibilityGlobals) = postSolution
		SolutionGuid = {A0C72B98-BB83-49BC-9DF6-8742039AEB19}
	EndGlobalSection
EndGlobal
